
Microsoft Visual Studio Solution File, Format Version 12.00
# Visual Studio Version 16
VisualStudioVersion = 16.0.29911.84
MinimumVisualStudioVersion = 10.0.40219.1
Project("{9A19103F-16F7-4668-BE54-9A1E7A4F7556}") = "1. Pascal's Triangle", "Algorithms\1. Pascal's Triangle.csproj", "{B854A2BF-AE3F-4B49-B8AC-E1173F9C7DCF}"
EndProject
Project("{9A19103F-16F7-4668-BE54-9A1E7A4F7556}") = "2. Contains Duplicates", "Contains Duplicates\2. Contains Duplicates.csproj", "{F8FBCAD5-5002-4BA7-95B4-4DDF0C7ED12A}"
EndProject
Project("{9A19103F-16F7-4668-BE54-9A1E7A4F7556}") = "3. Reverse Singly-Linked List", "Reverse Singly-Linked List\3. Reverse Singly-Linked List.csproj", "{E2279A98-E124-4137-8489-28CAE27A79CA}"
EndProject
Project("{9A19103F-16F7-4668-BE54-9A1E7A4F7556}") = "4. Decode Ways", "4. Decode Ways\4. Decode Ways.csproj", "{48509E00-FA09-409B-BF49-9526C4D93B49}"
EndProject
Project("{FAE04EC0-301F-11D3-BF4B-00C04F79EFBC}") = "5. Two Sum II", "TwoSum2\5. Two Sum II.csproj", "{AFF79D82-AA98-4084-9B40-7AC0EFB87199}"
EndProject
Project("{FAE04EC0-301F-11D3-BF4B-00C04F79EFBC}") = "6. Palindrome Linked List", "6. Palindrome Linked List\6. Palindrome Linked List.csproj", "{979F24CA-B7C0-4F04-8B3D-91C37EDFFA5C}"
EndProject
Project("{FAE04EC0-301F-11D3-BF4B-00C04F79EFBC}") = "7. N-ary Tree Postorder Traversal", "7. N-ary Tree Postorder Traversal\7. N-ary Tree Postorder Traversal.csproj", "{6D2265CA-7D7A-457E-8ADD-88523AEF35B6}"
EndProject
Global
	GlobalSection(SolutionConfigurationPlatforms) = preSolution
		Debug|Any CPU = Debug|Any CPU
		Release|Any CPU = Release|Any CPU
	EndGlobalSection
	GlobalSection(ProjectConfigurationPlatforms) = postSolution
		{B854A2BF-AE3F-4B49-B8AC-E1173F9C7DCF}.Debug|Any CPU.ActiveCfg = Debug|Any CPU
		{B854A2BF-AE3F-4B49-B8AC-E1173F9C7DCF}.Debug|Any CPU.Build.0 = Debug|Any CPU
		{B854A2BF-AE3F-4B49-B8AC-E1173F9C7DCF}.Release|Any CPU.ActiveCfg = Release|Any CPU
		{B854A2BF-AE3F-4B49-B8AC-E1173F9C7DCF}.Release|Any CPU.Build.0 = Release|Any CPU
		{F8FBCAD5-5002-4BA7-95B4-4DDF0C7ED12A}.Debug|Any CPU.ActiveCfg = Debug|Any CPU
		{F8FBCAD5-5002-4BA7-95B4-4DDF0C7ED12A}.Debug|Any CPU.Build.0 = Debug|Any CPU
		{F8FBCAD5-5002-4BA7-95B4-4DDF0C7ED12A}.Release|Any CPU.ActiveCfg = Release|Any CPU
		{F8FBCAD5-5002-4BA7-95B4-4DDF0C7ED12A}.Release|Any CPU.Build.0 = Release|Any CPU
		{E2279A98-E124-4137-8489-28CAE27A79CA}.Debug|Any CPU.ActiveCfg = Debug|Any CPU
		{E2279A98-E124-4137-8489-28CAE27A79CA}.Debug|Any CPU.Build.0 = Debug|Any CPU
		{E2279A98-E124-4137-8489-28CAE27A79CA}.Release|Any CPU.ActiveCfg = Release|Any CPU
		{E2279A98-E124-4137-8489-28CAE27A79CA}.Release|Any CPU.Build.0 = Release|Any CPU
		{48509E00-FA09-409B-BF49-9526C4D93B49}.Debug|Any CPU.ActiveCfg = Debug|Any CPU
		{48509E00-FA09-409B-BF49-9526C4D93B49}.Debug|Any CPU.Build.0 = Debug|Any CPU
		{48509E00-FA09-409B-BF49-9526C4D93B49}.Release|Any CPU.ActiveCfg = Release|Any CPU
		{48509E00-FA09-409B-BF49-9526C4D93B49}.Release|Any CPU.Build.0 = Release|Any CPU
		{AFF79D82-AA98-4084-9B40-7AC0EFB87199}.Debug|Any CPU.ActiveCfg = Debug|Any CPU
		{AFF79D82-AA98-4084-9B40-7AC0EFB87199}.Debug|Any CPU.Build.0 = Debug|Any CPU
		{AFF79D82-AA98-4084-9B40-7AC0EFB87199}.Release|Any CPU.ActiveCfg = Release|Any CPU
		{AFF79D82-AA98-4084-9B40-7AC0EFB87199}.Release|Any CPU.Build.0 = Release|Any CPU
		{979F24CA-B7C0-4F04-8B3D-91C37EDFFA5C}.Debug|Any CPU.ActiveCfg = Debug|Any CPU
		{979F24CA-B7C0-4F04-8B3D-91C37EDFFA5C}.Debug|Any CPU.Build.0 = Debug|Any CPU
		{979F24CA-B7C0-4F04-8B3D-91C37EDFFA5C}.Release|Any CPU.ActiveCfg = Release|Any CPU
		{979F24CA-B7C0-4F04-8B3D-91C37EDFFA5C}.Release|Any CPU.Build.0 = Release|Any CPU
		{6D2265CA-7D7A-457E-8ADD-88523AEF35B6}.Debug|Any CPU.ActiveCfg = Debug|Any CPU
		{6D2265CA-7D7A-457E-8ADD-88523AEF35B6}.Debug|Any CPU.Build.0 = Debug|Any CPU
		{6D2265CA-7D7A-457E-8ADD-88523AEF35B6}.Release|Any CPU.ActiveCfg = Release|Any CPU
		{6D2265CA-7D7A-457E-8ADD-88523AEF35B6}.Release|Any CPU.Build.0 = Release|Any CPU
	EndGlobalSection
	GlobalSection(SolutionProperties) = preSolution
		HideSolutionNode = FALSE
	EndGlobalSection
	GlobalSection(ExtensibilityGlobals) = postSolution
		SolutionGuid = {1F3E0F70-9F0F-43B8-945C-3603CB8AC951}
	EndGlobalSection
EndGlobal
